
Microsoft Visual Studio Solution File, Format Version 12.00
# Visual Studio Version 16
VisualStudioVersion = 16.0.32428.217
MinimumVisualStudioVersion = 10.0.40219.1
Project("{8BC9CEB8-8B4A-11D0-8D11-00A0C91BC942}") = "LAB(mergeSort)", "LAB(mergeSort)\LAB(mergeSort).vcxproj", "{3ED1A841-199C-43B9-B8FF-446D54D035C5}"
EndProject
Project("{8BC9CEB8-8B4A-11D0-8D11-00A0C91BC942}") = "Q수식선정", "Q수식선정\Q수식선정.vcxproj", "{30CACD26-DA18-43D0-8857-47064013C746}"
EndProject
Project("{8BC9CEB8-8B4A-11D0-8D11-00A0C91BC942}") = "다음순열", "다음순열\다음순열.vcxproj", "{5506BF98-37AA-4F1A-938D-1F12A64A6043}"
EndProject
Project("{8BC9CEB8-8B4A-11D0-8D11-00A0C91BC942}") = "백준11053", "백준11053\백준11053.vcxproj", "{55504EEF-F868-4593-A297-8E5085140562}"
EndProject
Project("{8BC9CEB8-8B4A-11D0-8D11-00A0C91BC942}") = "LAB(행렬합_정적할당)", "LAB(행렬합_정적할당)\LAB(행렬합_정적할당).vcxproj", "{7733B678-4520-4DEB-A81A-437DB180C23B}"
EndProject
Project("{8BC9CEB8-8B4A-11D0-8D11-00A0C91BC942}") = "HW(행렬곱_동적할당)", "HW(행렬곱_동적할당)\HW(행렬곱_동적할당).vcxproj", "{5A4AFD6E-ADB1-4DA8-8937-3B9C754FBD43}"
EndProject
Project("{8BC9CEB8-8B4A-11D0-8D11-00A0C91BC942}") = "simpleEncoding", "simpleEncoding\simpleEncoding.vcxproj", "{CBBC245E-373D-4CDA-8737-9346D9FC9E3F}"
EndProject
Project("{8BC9CEB8-8B4A-11D0-8D11-00A0C91BC942}") = "문자열압축1_1", "문자열압축1_1\문자열압축1_1.vcxproj", "{F22A4F33-19A8-46FA-99ED-689CFC765995}"
EndProject
Project("{8BC9CEB8-8B4A-11D0-8D11-00A0C91BC942}") = "문자열압축1_2", "문자열압축1_2\문자열압축1_2.vcxproj", "{8231C610-0B76-4CFA-A7B7-CC80103F85CC}"
EndProject
Project("{8BC9CEB8-8B4A-11D0-8D11-00A0C91BC942}") = "압축1_2발전", "압축1_2발전\압축1_2발전.vcxproj", "{256CBB76-A4A3-4167-A695-0FD3DA1CD1CD}"
EndProject
Project("{8BC9CEB8-8B4A-11D0-8D11-00A0C91BC942}") = "문자열압축1_3", "문자열압축1_3\문자열압축1_3.vcxproj", "{C5D99936-6961-43D5-8EA6-A9C99D3FE80D}"
EndProject
Project("{8BC9CEB8-8B4A-11D0-8D11-00A0C91BC942}") = "백준2156", "백준2156\백준2156.vcxproj", "{ECB29E66-D39F-4F98-87AF-AE12E7C90F68}"
EndProject
Global
	GlobalSection(SolutionConfigurationPlatforms) = preSolution
		Debug|x64 = Debug|x64
		Debug|x86 = Debug|x86
		Release|x64 = Release|x64
		Release|x86 = Release|x86
	EndGlobalSection
	GlobalSection(ProjectConfigurationPlatforms) = postSolution
		{3ED1A841-199C-43B9-B8FF-446D54D035C5}.Debug|x64.ActiveCfg = Debug|x64
		{3ED1A841-199C-43B9-B8FF-446D54D035C5}.Debug|x64.Build.0 = Debug|x64
		{3ED1A841-199C-43B9-B8FF-446D54D035C5}.Debug|x86.ActiveCfg = Debug|Win32
		{3ED1A841-199C-43B9-B8FF-446D54D035C5}.Debug|x86.Build.0 = Debug|Win32
		{3ED1A841-199C-43B9-B8FF-446D54D035C5}.Release|x64.ActiveCfg = Release|x64
		{3ED1A841-199C-43B9-B8FF-446D54D035C5}.Release|x64.Build.0 = Release|x64
		{3ED1A841-199C-43B9-B8FF-446D54D035C5}.Release|x86.ActiveCfg = Release|Win32
		{3ED1A841-199C-43B9-B8FF-446D54D035C5}.Release|x86.Build.0 = Release|Win32
		{30CACD26-DA18-43D0-8857-47064013C746}.Debug|x64.ActiveCfg = Debug|x64
		{30CACD26-DA18-43D0-8857-47064013C746}.Debug|x64.Build.0 = Debug|x64
		{30CACD26-DA18-43D0-8857-47064013C746}.Debug|x86.ActiveCfg = Debug|Win32
		{30CACD26-DA18-43D0-8857-47064013C746}.Debug|x86.Build.0 = Debug|Win32
		{30CACD26-DA18-43D0-8857-47064013C746}.Release|x64.ActiveCfg = Release|x64
		{30CACD26-DA18-43D0-8857-47064013C746}.Release|x64.Build.0 = Release|x64
		{30CACD26-DA18-43D0-8857-47064013C746}.Release|x86.ActiveCfg = Release|Win32
		{30CACD26-DA18-43D0-8857-47064013C746}.Release|x86.Build.0 = Release|Win32
		{5506BF98-37AA-4F1A-938D-1F12A64A6043}.Debug|x64.ActiveCfg = Debug|x64
		{5506BF98-37AA-4F1A-938D-1F12A64A6043}.Debug|x64.Build.0 = Debug|x64
		{5506BF98-37AA-4F1A-938D-1F12A64A6043}.Debug|x86.ActiveCfg = Debug|Win32
		{5506BF98-37AA-4F1A-938D-1F12A64A6043}.Debug|x86.Build.0 = Debug|Win32
		{5506BF98-37AA-4F1A-938D-1F12A64A6043}.Release|x64.ActiveCfg = Release|x64
		{5506BF98-37AA-4F1A-938D-1F12A64A6043}.Release|x64.Build.0 = Release|x64
		{5506BF98-37AA-4F1A-938D-1F12A64A6043}.Release|x86.ActiveCfg = Release|Win32
		{5506BF98-37AA-4F1A-938D-1F12A64A6043}.Release|x86.Build.0 = Release|Win32
		{55504EEF-F868-4593-A297-8E5085140562}.Debug|x64.ActiveCfg = Debug|x64
		{55504EEF-F868-4593-A297-8E5085140562}.Debug|x64.Build.0 = Debug|x64
		{55504EEF-F868-4593-A297-8E5085140562}.Debug|x86.ActiveCfg = Debug|Win32
		{55504EEF-F868-4593-A297-8E5085140562}.Debug|x86.Build.0 = Debug|Win32
		{55504EEF-F868-4593-A297-8E5085140562}.Release|x64.ActiveCfg = Release|x64
		{55504EEF-F868-4593-A297-8E5085140562}.Release|x64.Build.0 = Release|x64
		{55504EEF-F868-4593-A297-8E5085140562}.Release|x86.ActiveCfg = Release|Win32
		{55504EEF-F868-4593-A297-8E5085140562}.Release|x86.Build.0 = Release|Win32
		{7733B678-4520-4DEB-A81A-437DB180C23B}.Debug|x64.ActiveCfg = Debug|x64
		{7733B678-4520-4DEB-A81A-437DB180C23B}.Debug|x64.Build.0 = Debug|x64
		{7733B678-4520-4DEB-A81A-437DB180C23B}.Debug|x86.ActiveCfg = Debug|Win32
		{7733B678-4520-4DEB-A81A-437DB180C23B}.Debug|x86.Build.0 = Debug|Win32
		{7733B678-4520-4DEB-A81A-437DB180C23B}.Release|x64.ActiveCfg = Release|x64
		{7733B678-4520-4DEB-A81A-437DB180C23B}.Release|x64.Build.0 = Release|x64
		{7733B678-4520-4DEB-A81A-437DB180C23B}.Release|x86.ActiveCfg = Release|Win32
		{7733B678-4520-4DEB-A81A-437DB180C23B}.Release|x86.Build.0 = Release|Win32
		{5A4AFD6E-ADB1-4DA8-8937-3B9C754FBD43}.Debug|x64.ActiveCfg = Debug|x64
		{5A4AFD6E-ADB1-4DA8-8937-3B9C754FBD43}.Debug|x64.Build.0 = Debug|x64
		{5A4AFD6E-ADB1-4DA8-8937-3B9C754FBD43}.Debug|x86.ActiveCfg = Debug|Win32
		{5A4AFD6E-ADB1-4DA8-8937-3B9C754FBD43}.Debug|x86.Build.0 = Debug|Win32
		{5A4AFD6E-ADB1-4DA8-8937-3B9C754FBD43}.Release|x64.ActiveCfg = Release|x64
		{5A4AFD6E-ADB1-4DA8-8937-3B9C754FBD43}.Release|x64.Build.0 = Release|x64
		{5A4AFD6E-ADB1-4DA8-8937-3B9C754FBD43}.Release|x86.ActiveCfg = Release|Win32
		{5A4AFD6E-ADB1-4DA8-8937-3B9C754FBD43}.Release|x86.Build.0 = Release|Win32
		{CBBC245E-373D-4CDA-8737-9346D9FC9E3F}.Debug|x64.ActiveCfg = Debug|x64
		{CBBC245E-373D-4CDA-8737-9346D9FC9E3F}.Debug|x64.Build.0 = Debug|x64
		{CBBC245E-373D-4CDA-8737-9346D9FC9E3F}.Debug|x86.ActiveCfg = Debug|Win32
		{CBBC245E-373D-4CDA-8737-9346D9FC9E3F}.Debug|x86.Build.0 = Debug|Win32
		{CBBC245E-373D-4CDA-8737-9346D9FC9E3F}.Release|x64.ActiveCfg = Release|x64
		{CBBC245E-373D-4CDA-8737-9346D9FC9E3F}.Release|x64.Build.0 = Release|x64
		{CBBC245E-373D-4CDA-8737-9346D9FC9E3F}.Release|x86.ActiveCfg = Release|Win32
		{CBBC245E-373D-4CDA-8737-9346D9FC9E3F}.Release|x86.Build.0 = Release|Win32
		{F22A4F33-19A8-46FA-99ED-689CFC765995}.Debug|x64.ActiveCfg = Debug|x64
		{F22A4F33-19A8-46FA-99ED-689CFC765995}.Debug|x64.Build.0 = Debug|x64
		{F22A4F33-19A8-46FA-99ED-689CFC765995}.Debug|x86.ActiveCfg = Debug|Win32
		{F22A4F33-19A8-46FA-99ED-689CFC765995}.Debug|x86.Build.0 = Debug|Win32
		{F22A4F33-19A8-46FA-99ED-689CFC765995}.Release|x64.ActiveCfg = Release|x64
		{F22A4F33-19A8-46FA-99ED-689CFC765995}.Release|x64.Build.0 = Release|x64
		{F22A4F33-19A8-46FA-99ED-689CFC765995}.Release|x86.ActiveCfg = Release|Win32
		{F22A4F33-19A8-46FA-99ED-689CFC765995}.Release|x86.Build.0 = Release|Win32
		{8231C610-0B76-4CFA-A7B7-CC80103F85CC}.Debug|x64.ActiveCfg = Debug|x64
		{8231C610-0B76-4CFA-A7B7-CC80103F85CC}.Debug|x64.Build.0 = Debug|x64
		{8231C610-0B76-4CFA-A7B7-CC80103F85CC}.Debug|x86.ActiveCfg = Debug|Win32
		{8231C610-0B76-4CFA-A7B7-CC80103F85CC}.Debug|x86.Build.0 = Debug|Win32
		{8231C610-0B76-4CFA-A7B7-CC80103F85CC}.Release|x64.ActiveCfg = Release|x64
		{8231C610-0B76-4CFA-A7B7-CC80103F85CC}.Release|x64.Build.0 = Release|x64
		{8231C610-0B76-4CFA-A7B7-CC80103F85CC}.Release|x86.ActiveCfg = Release|Win32
		{8231C610-0B76-4CFA-A7B7-CC80103F85CC}.Release|x86.Build.0 = Release|Win32
		{256CBB76-A4A3-4167-A695-0FD3DA1CD1CD}.Debug|x64.ActiveCfg = Debug|x64
		{256CBB76-A4A3-4167-A695-0FD3DA1CD1CD}.Debug|x64.Build.0 = Debug|x64
		{256CBB76-A4A3-4167-A695-0FD3DA1CD1CD}.Debug|x86.ActiveCfg = Debug|Win32
		{256CBB76-A4A3-4167-A695-0FD3DA1CD1CD}.Debug|x86.Build.0 = Debug|Win32
		{256CBB76-A4A3-4167-A695-0FD3DA1CD1CD}.Release|x64.ActiveCfg = Release|x64
		{256CBB76-A4A3-4167-A695-0FD3DA1CD1CD}.Release|x64.Build.0 = Release|x64
		{256CBB76-A4A3-4167-A695-0FD3DA1CD1CD}.Release|x86.ActiveCfg = Release|Win32
		{256CBB76-A4A3-4167-A695-0FD3DA1CD1CD}.Release|x86.Build.0 = Release|Win32
		{C5D99936-6961-43D5-8EA6-A9C99D3FE80D}.Debug|x64.ActiveCfg = Debug|x64
		{C5D99936-6961-43D5-8EA6-A9C99D3FE80D}.Debug|x64.Build.0 = Debug|x64
		{C5D99936-6961-43D5-8EA6-A9C99D3FE80D}.Debug|x86.ActiveCfg = Debug|Win32
		{C5D99936-6961-43D5-8EA6-A9C99D3FE80D}.Debug|x86.Build.0 = Debug|Win32
		{C5D99936-6961-43D5-8EA6-A9C99D3FE80D}.Release|x64.ActiveCfg = Release|x64
		{C5D99936-6961-43D5-8EA6-A9C99D3FE80D}.Release|x64.Build.0 = Release|x64
		{C5D99936-6961-43D5-8EA6-A9C99D3FE80D}.Release|x86.ActiveCfg = Release|Win32
		{C5D99936-6961-43D5-8EA6-A9C99D3FE80D}.Release|x86.Build.0 = Release|Win32
		{ECB29E66-D39F-4F98-87AF-AE12E7C90F68}.Debug|x64.ActiveCfg = Debug|x64
		{ECB29E66-D39F-4F98-87AF-AE12E7C90F68}.Debug|x64.Build.0 = Debug|x64
		{ECB29E66-D39F-4F98-87AF-AE12E7C90F68}.Debug|x86.ActiveCfg = Debug|Win32
		{ECB29E66-D39F-4F98-87AF-AE12E7C90F68}.Debug|x86.Build.0 = Debug|Win32
		{ECB29E66-D39F-4F98-87AF-AE12E7C90F68}.Release|x64.ActiveCfg = Release|x64
		{ECB29E66-D39F-4F98-87AF-AE12E7C90F68}.Release|x64.Build.0 = Release|x64
		{ECB29E66-D39F-4F98-87AF-AE12E7C90F68}.Release|x86.ActiveCfg = Release|Win32
		{ECB29E66-D39F-4F98-87AF-AE12E7C90F68}.Release|x86.Build.0 = Release|Win32
	EndGlobalSection
	GlobalSection(SolutionProperties) = preSolution
		HideSolutionNode = FALSE
	EndGlobalSection
	GlobalSection(ExtensibilityGlobals) = postSolution
		SolutionGuid = {95D658CD-7EDC-4E1E-B228-254979425361}
	EndGlobalSection
EndGlobal
