
Microsoft Visual Studio Solution File, Format Version 12.00
# Visual Studio Version 16
VisualStudioVersion = 16.0.32428.217
MinimumVisualStudioVersion = 10.0.40219.1
Project("{8BC9CEB8-8B4A-11D0-8D11-00A0C91BC942}") = "백준1427", "백준1427\백준1427.vcxproj", "{96CCF016-B0DE-4702-85BA-BB0B0DE577EA}"
EndProject
Project("{8BC9CEB8-8B4A-11D0-8D11-00A0C91BC942}") = "백준11650", "백준11650\백준11650.vcxproj", "{1C9E43ED-8E7E-49DB-BF66-9BE89F16BB47}"
EndProject
Project("{8BC9CEB8-8B4A-11D0-8D11-00A0C91BC942}") = "백준11650re", "백준11650re\백준11650re.vcxproj", "{02DF7581-3FA4-47DA-BABC-2A1BAFA7CD13}"
EndProject
Project("{8BC9CEB8-8B4A-11D0-8D11-00A0C91BC942}") = "LAB(조합출력)", "LAB(조합출력)\LAB(조합출력).vcxproj", "{BE5608F4-3865-4D05-A40C-7834654C203B}"
EndProject
Project("{8BC9CEB8-8B4A-11D0-8D11-00A0C91BC942}") = "LAB(사이클숫자_반복)", "LAB(사이클숫자_반복)\LAB(사이클숫자_반복).vcxproj", "{65AFD70F-1C67-4786-B48B-18D76CF66CDF}"
EndProject
Project("{8BC9CEB8-8B4A-11D0-8D11-00A0C91BC942}") = "LAB(사이클숫자_순환)", "LAB(사이클숫자_순환)\LAB(사이클숫자_순환).vcxproj", "{945D518E-BE46-42BB-B958-5CC12E58ABA3}"
EndProject
Project("{8BC9CEB8-8B4A-11D0-8D11-00A0C91BC942}") = "LAB(함수의값출력)", "LAB(함수의값출력)\LAB(함수의값출력).vcxproj", "{2A271B95-F27A-4FD5-BEA1-7A4590B57B2F}"
EndProject
Project("{8BC9CEB8-8B4A-11D0-8D11-00A0C91BC942}") = "LAB(스크린트리)", "LAB(스크린트리)\LAB(스크린트리).vcxproj", "{A5FD16D7-7E57-47F5-8A16-46E8B9D1480C}"
EndProject
Project("{8BC9CEB8-8B4A-11D0-8D11-00A0C91BC942}") = "LAB(스크린트리3)", "LAB(스크린트리3)\LAB(스크린트리3).vcxproj", "{8E0F709D-48DA-4B30-8DD0-DBFC66722C04}"
EndProject
Project("{8BC9CEB8-8B4A-11D0-8D11-00A0C91BC942}") = "LAB(영역채우기)", "LAB(영역채우기)\LAB(영역채우기).vcxproj", "{9EDC4E29-052E-4A28-B484-5E25D5BD48CC}"
EndProject
Project("{8BC9CEB8-8B4A-11D0-8D11-00A0C91BC942}") = "HW(미로방문)", "HW(미로방문)\HW(미로방문).vcxproj", "{35CA690B-DC8D-4230-8309-0A78E503A4AF}"
EndProject
Project("{8BC9CEB8-8B4A-11D0-8D11-00A0C91BC942}") = "백준10814", "백준10814\백준10814.vcxproj", "{21269024-0EE1-4505-83C3-2154B06F785F}"
EndProject
Project("{8BC9CEB8-8B4A-11D0-8D11-00A0C91BC942}") = "백준1181", "백준1181\백준1181.vcxproj", "{FF5A9D99-EC39-4906-876C-4FEDAD22638F}"
EndProject
Project("{8BC9CEB8-8B4A-11D0-8D11-00A0C91BC942}") = "HW준비(미로방문)", "HW준비(미로방문)\HW준비(미로방문).vcxproj", "{54EB5735-A255-4CB2-9088-861B68CF0B62}"
EndProject
Project("{8BC9CEB8-8B4A-11D0-8D11-00A0C91BC942}") = "백준18870", "백준18870\백준18870.vcxproj", "{7463AA76-0237-498A-A10B-A22ACCA44238}"
EndProject
Global
	GlobalSection(SolutionConfigurationPlatforms) = preSolution
		Debug|x64 = Debug|x64
		Debug|x86 = Debug|x86
		Release|x64 = Release|x64
		Release|x86 = Release|x86
	EndGlobalSection
	GlobalSection(ProjectConfigurationPlatforms) = postSolution
		{96CCF016-B0DE-4702-85BA-BB0B0DE577EA}.Debug|x64.ActiveCfg = Debug|x64
		{96CCF016-B0DE-4702-85BA-BB0B0DE577EA}.Debug|x64.Build.0 = Debug|x64
		{96CCF016-B0DE-4702-85BA-BB0B0DE577EA}.Debug|x86.ActiveCfg = Debug|Win32
		{96CCF016-B0DE-4702-85BA-BB0B0DE577EA}.Debug|x86.Build.0 = Debug|Win32
		{96CCF016-B0DE-4702-85BA-BB0B0DE577EA}.Release|x64.ActiveCfg = Release|x64
		{96CCF016-B0DE-4702-85BA-BB0B0DE577EA}.Release|x64.Build.0 = Release|x64
		{96CCF016-B0DE-4702-85BA-BB0B0DE577EA}.Release|x86.ActiveCfg = Release|Win32
		{96CCF016-B0DE-4702-85BA-BB0B0DE577EA}.Release|x86.Build.0 = Release|Win32
		{1C9E43ED-8E7E-49DB-BF66-9BE89F16BB47}.Debug|x64.ActiveCfg = Debug|x64
		{1C9E43ED-8E7E-49DB-BF66-9BE89F16BB47}.Debug|x64.Build.0 = Debug|x64
		{1C9E43ED-8E7E-49DB-BF66-9BE89F16BB47}.Debug|x86.ActiveCfg = Debug|Win32
		{1C9E43ED-8E7E-49DB-BF66-9BE89F16BB47}.Debug|x86.Build.0 = Debug|Win32
		{1C9E43ED-8E7E-49DB-BF66-9BE89F16BB47}.Release|x64.ActiveCfg = Release|x64
		{1C9E43ED-8E7E-49DB-BF66-9BE89F16BB47}.Release|x64.Build.0 = Release|x64
		{1C9E43ED-8E7E-49DB-BF66-9BE89F16BB47}.Release|x86.ActiveCfg = Release|Win32
		{1C9E43ED-8E7E-49DB-BF66-9BE89F16BB47}.Release|x86.Build.0 = Release|Win32
		{02DF7581-3FA4-47DA-BABC-2A1BAFA7CD13}.Debug|x64.ActiveCfg = Debug|x64
		{02DF7581-3FA4-47DA-BABC-2A1BAFA7CD13}.Debug|x64.Build.0 = Debug|x64
		{02DF7581-3FA4-47DA-BABC-2A1BAFA7CD13}.Debug|x86.ActiveCfg = Debug|Win32
		{02DF7581-3FA4-47DA-BABC-2A1BAFA7CD13}.Debug|x86.Build.0 = Debug|Win32
		{02DF7581-3FA4-47DA-BABC-2A1BAFA7CD13}.Release|x64.ActiveCfg = Release|x64
		{02DF7581-3FA4-47DA-BABC-2A1BAFA7CD13}.Release|x64.Build.0 = Release|x64
		{02DF7581-3FA4-47DA-BABC-2A1BAFA7CD13}.Release|x86.ActiveCfg = Release|Win32
		{02DF7581-3FA4-47DA-BABC-2A1BAFA7CD13}.Release|x86.Build.0 = Release|Win32
		{BE5608F4-3865-4D05-A40C-7834654C203B}.Debug|x64.ActiveCfg = Debug|x64
		{BE5608F4-3865-4D05-A40C-7834654C203B}.Debug|x64.Build.0 = Debug|x64
		{BE5608F4-3865-4D05-A40C-7834654C203B}.Debug|x86.ActiveCfg = Debug|Win32
		{BE5608F4-3865-4D05-A40C-7834654C203B}.Debug|x86.Build.0 = Debug|Win32
		{BE5608F4-3865-4D05-A40C-7834654C203B}.Release|x64.ActiveCfg = Release|x64
		{BE5608F4-3865-4D05-A40C-7834654C203B}.Release|x64.Build.0 = Release|x64
		{BE5608F4-3865-4D05-A40C-7834654C203B}.Release|x86.ActiveCfg = Release|Win32
		{BE5608F4-3865-4D05-A40C-7834654C203B}.Release|x86.Build.0 = Release|Win32
		{65AFD70F-1C67-4786-B48B-18D76CF66CDF}.Debug|x64.ActiveCfg = Debug|x64
		{65AFD70F-1C67-4786-B48B-18D76CF66CDF}.Debug|x64.Build.0 = Debug|x64
		{65AFD70F-1C67-4786-B48B-18D76CF66CDF}.Debug|x86.ActiveCfg = Debug|Win32
		{65AFD70F-1C67-4786-B48B-18D76CF66CDF}.Debug|x86.Build.0 = Debug|Win32
		{65AFD70F-1C67-4786-B48B-18D76CF66CDF}.Release|x64.ActiveCfg = Release|x64
		{65AFD70F-1C67-4786-B48B-18D76CF66CDF}.Release|x64.Build.0 = Release|x64
		{65AFD70F-1C67-4786-B48B-18D76CF66CDF}.Release|x86.ActiveCfg = Release|Win32
		{65AFD70F-1C67-4786-B48B-18D76CF66CDF}.Release|x86.Build.0 = Release|Win32
		{945D518E-BE46-42BB-B958-5CC12E58ABA3}.Debug|x64.ActiveCfg = Debug|x64
		{945D518E-BE46-42BB-B958-5CC12E58ABA3}.Debug|x64.Build.0 = Debug|x64
		{945D518E-BE46-42BB-B958-5CC12E58ABA3}.Debug|x86.ActiveCfg = Debug|Win32
		{945D518E-BE46-42BB-B958-5CC12E58ABA3}.Debug|x86.Build.0 = Debug|Win32
		{945D518E-BE46-42BB-B958-5CC12E58ABA3}.Release|x64.ActiveCfg = Release|x64
		{945D518E-BE46-42BB-B958-5CC12E58ABA3}.Release|x64.Build.0 = Release|x64
		{945D518E-BE46-42BB-B958-5CC12E58ABA3}.Release|x86.ActiveCfg = Release|Win32
		{945D518E-BE46-42BB-B958-5CC12E58ABA3}.Release|x86.Build.0 = Release|Win32
		{2A271B95-F27A-4FD5-BEA1-7A4590B57B2F}.Debug|x64.ActiveCfg = Debug|x64
		{2A271B95-F27A-4FD5-BEA1-7A4590B57B2F}.Debug|x64.Build.0 = Debug|x64
		{2A271B95-F27A-4FD5-BEA1-7A4590B57B2F}.Debug|x86.ActiveCfg = Debug|Win32
		{2A271B95-F27A-4FD5-BEA1-7A4590B57B2F}.Debug|x86.Build.0 = Debug|Win32
		{2A271B95-F27A-4FD5-BEA1-7A4590B57B2F}.Release|x64.ActiveCfg = Release|x64
		{2A271B95-F27A-4FD5-BEA1-7A4590B57B2F}.Release|x64.Build.0 = Release|x64
		{2A271B95-F27A-4FD5-BEA1-7A4590B57B2F}.Release|x86.ActiveCfg = Release|Win32
		{2A271B95-F27A-4FD5-BEA1-7A4590B57B2F}.Release|x86.Build.0 = Release|Win32
		{A5FD16D7-7E57-47F5-8A16-46E8B9D1480C}.Debug|x64.ActiveCfg = Debug|x64
		{A5FD16D7-7E57-47F5-8A16-46E8B9D1480C}.Debug|x64.Build.0 = Debug|x64
		{A5FD16D7-7E57-47F5-8A16-46E8B9D1480C}.Debug|x86.ActiveCfg = Debug|Win32
		{A5FD16D7-7E57-47F5-8A16-46E8B9D1480C}.Debug|x86.Build.0 = Debug|Win32
		{A5FD16D7-7E57-47F5-8A16-46E8B9D1480C}.Release|x64.ActiveCfg = Release|x64
		{A5FD16D7-7E57-47F5-8A16-46E8B9D1480C}.Release|x64.Build.0 = Release|x64
		{A5FD16D7-7E57-47F5-8A16-46E8B9D1480C}.Release|x86.ActiveCfg = Release|Win32
		{A5FD16D7-7E57-47F5-8A16-46E8B9D1480C}.Release|x86.Build.0 = Release|Win32
		{8E0F709D-48DA-4B30-8DD0-DBFC66722C04}.Debug|x64.ActiveCfg = Debug|x64
		{8E0F709D-48DA-4B30-8DD0-DBFC66722C04}.Debug|x64.Build.0 = Debug|x64
		{8E0F709D-48DA-4B30-8DD0-DBFC66722C04}.Debug|x86.ActiveCfg = Debug|Win32
		{8E0F709D-48DA-4B30-8DD0-DBFC66722C04}.Debug|x86.Build.0 = Debug|Win32
		{8E0F709D-48DA-4B30-8DD0-DBFC66722C04}.Release|x64.ActiveCfg = Release|x64
		{8E0F709D-48DA-4B30-8DD0-DBFC66722C04}.Release|x64.Build.0 = Release|x64
		{8E0F709D-48DA-4B30-8DD0-DBFC66722C04}.Release|x86.ActiveCfg = Release|Win32
		{8E0F709D-48DA-4B30-8DD0-DBFC66722C04}.Release|x86.Build.0 = Release|Win32
		{9EDC4E29-052E-4A28-B484-5E25D5BD48CC}.Debug|x64.ActiveCfg = Debug|x64
		{9EDC4E29-052E-4A28-B484-5E25D5BD48CC}.Debug|x64.Build.0 = Debug|x64
		{9EDC4E29-052E-4A28-B484-5E25D5BD48CC}.Debug|x86.ActiveCfg = Debug|Win32
		{9EDC4E29-052E-4A28-B484-5E25D5BD48CC}.Debug|x86.Build.0 = Debug|Win32
		{9EDC4E29-052E-4A28-B484-5E25D5BD48CC}.Release|x64.ActiveCfg = Release|x64
		{9EDC4E29-052E-4A28-B484-5E25D5BD48CC}.Release|x64.Build.0 = Release|x64
		{9EDC4E29-052E-4A28-B484-5E25D5BD48CC}.Release|x86.ActiveCfg = Release|Win32
		{9EDC4E29-052E-4A28-B484-5E25D5BD48CC}.Release|x86.Build.0 = Release|Win32
		{35CA690B-DC8D-4230-8309-0A78E503A4AF}.Debug|x64.ActiveCfg = Debug|x64
		{35CA690B-DC8D-4230-8309-0A78E503A4AF}.Debug|x64.Build.0 = Debug|x64
		{35CA690B-DC8D-4230-8309-0A78E503A4AF}.Debug|x86.ActiveCfg = Debug|Win32
		{35CA690B-DC8D-4230-8309-0A78E503A4AF}.Debug|x86.Build.0 = Debug|Win32
		{35CA690B-DC8D-4230-8309-0A78E503A4AF}.Release|x64.ActiveCfg = Release|x64
		{35CA690B-DC8D-4230-8309-0A78E503A4AF}.Release|x64.Build.0 = Release|x64
		{35CA690B-DC8D-4230-8309-0A78E503A4AF}.Release|x86.ActiveCfg = Release|Win32
		{35CA690B-DC8D-4230-8309-0A78E503A4AF}.Release|x86.Build.0 = Release|Win32
		{21269024-0EE1-4505-83C3-2154B06F785F}.Debug|x64.ActiveCfg = Debug|x64
		{21269024-0EE1-4505-83C3-2154B06F785F}.Debug|x64.Build.0 = Debug|x64
		{21269024-0EE1-4505-83C3-2154B06F785F}.Debug|x86.ActiveCfg = Debug|Win32
		{21269024-0EE1-4505-83C3-2154B06F785F}.Debug|x86.Build.0 = Debug|Win32
		{21269024-0EE1-4505-83C3-2154B06F785F}.Release|x64.ActiveCfg = Release|x64
		{21269024-0EE1-4505-83C3-2154B06F785F}.Release|x64.Build.0 = Release|x64
		{21269024-0EE1-4505-83C3-2154B06F785F}.Release|x86.ActiveCfg = Release|Win32
		{21269024-0EE1-4505-83C3-2154B06F785F}.Release|x86.Build.0 = Release|Win32
		{FF5A9D99-EC39-4906-876C-4FEDAD22638F}.Debug|x64.ActiveCfg = Debug|x64
		{FF5A9D99-EC39-4906-876C-4FEDAD22638F}.Debug|x64.Build.0 = Debug|x64
		{FF5A9D99-EC39-4906-876C-4FEDAD22638F}.Debug|x86.ActiveCfg = Debug|Win32
		{FF5A9D99-EC39-4906-876C-4FEDAD22638F}.Debug|x86.Build.0 = Debug|Win32
		{FF5A9D99-EC39-4906-876C-4FEDAD22638F}.Release|x64.ActiveCfg = Release|x64
		{FF5A9D99-EC39-4906-876C-4FEDAD22638F}.Release|x64.Build.0 = Release|x64
		{FF5A9D99-EC39-4906-876C-4FEDAD22638F}.Release|x86.ActiveCfg = Release|Win32
		{FF5A9D99-EC39-4906-876C-4FEDAD22638F}.Release|x86.Build.0 = Release|Win32
		{54EB5735-A255-4CB2-9088-861B68CF0B62}.Debug|x64.ActiveCfg = Debug|x64
		{54EB5735-A255-4CB2-9088-861B68CF0B62}.Debug|x64.Build.0 = Debug|x64
		{54EB5735-A255-4CB2-9088-861B68CF0B62}.Debug|x86.ActiveCfg = Debug|Win32
		{54EB5735-A255-4CB2-9088-861B68CF0B62}.Debug|x86.Build.0 = Debug|Win32
		{54EB5735-A255-4CB2-9088-861B68CF0B62}.Release|x64.ActiveCfg = Release|x64
		{54EB5735-A255-4CB2-9088-861B68CF0B62}.Release|x64.Build.0 = Release|x64
		{54EB5735-A255-4CB2-9088-861B68CF0B62}.Release|x86.ActiveCfg = Release|Win32
		{54EB5735-A255-4CB2-9088-861B68CF0B62}.Release|x86.Build.0 = Release|Win32
		{7463AA76-0237-498A-A10B-A22ACCA44238}.Debug|x64.ActiveCfg = Debug|x64
		{7463AA76-0237-498A-A10B-A22ACCA44238}.Debug|x64.Build.0 = Debug|x64
		{7463AA76-0237-498A-A10B-A22ACCA44238}.Debug|x86.ActiveCfg = Debug|Win32
		{7463AA76-0237-498A-A10B-A22ACCA44238}.Debug|x86.Build.0 = Debug|Win32
		{7463AA76-0237-498A-A10B-A22ACCA44238}.Release|x64.ActiveCfg = Release|x64
		{7463AA76-0237-498A-A10B-A22ACCA44238}.Release|x64.Build.0 = Release|x64
		{7463AA76-0237-498A-A10B-A22ACCA44238}.Release|x86.ActiveCfg = Release|Win32
		{7463AA76-0237-498A-A10B-A22ACCA44238}.Release|x86.Build.0 = Release|Win32
	EndGlobalSection
	GlobalSection(SolutionProperties) = preSolution
		HideSolutionNode = FALSE
	EndGlobalSection
	GlobalSection(ExtensibilityGlobals) = postSolution
		SolutionGuid = {A4D0D69B-D161-4E71-ABA6-F9C8CB7BE658}
	EndGlobalSection
EndGlobal
