
Microsoft Visual Studio Solution File, Format Version 12.00
# Visual Studio Version 16
VisualStudioVersion = 16.0.32428.217
MinimumVisualStudioVersion = 10.0.40219.1
Project("{8BC9CEB8-8B4A-11D0-8D11-00A0C91BC942}") = "백준9461", "백준9461\백준9461.vcxproj", "{7AFA4DD2-B036-43F1-9882-1E0CE34CBB9D}"
EndProject
Project("{8BC9CEB8-8B4A-11D0-8D11-00A0C91BC942}") = "백준1912", "백준1912\백준1912.vcxproj", "{F17CBE53-F577-432F-A7DB-BED83CBAD292}"
EndProject
Project("{8BC9CEB8-8B4A-11D0-8D11-00A0C91BC942}") = "백준1149", "백준1149\백준1149.vcxproj", "{12ECC560-A477-434E-BA4D-52E369E797EE}"
EndProject
Project("{8BC9CEB8-8B4A-11D0-8D11-00A0C91BC942}") = "LAB(selection)", "LAB(selection)\LAB(selection).vcxproj", "{F71FA6EB-3913-453A-82BD-DFBDB897A481}"
EndProject
Project("{8BC9CEB8-8B4A-11D0-8D11-00A0C91BC942}") = "LAB(bubbleSort)", "LAB(bubbleSort)\LAB(bubbleSort).vcxproj", "{BC3DF77B-B048-4636-97A6-8B9B37406005}"
EndProject
Project("{8BC9CEB8-8B4A-11D0-8D11-00A0C91BC942}") = "HW(selection)", "HW(selection)\HW(selection).vcxproj", "{535B8487-5FC3-46EB-B7D4-9B5DA40FE650}"
EndProject
Project("{8BC9CEB8-8B4A-11D0-8D11-00A0C91BC942}") = "HW(bubble_개선)", "HW(bubble_개선)\HW(bubble_개선).vcxproj", "{AABCE77A-42B7-4A67-845F-718F50DCFA72}"
EndProject
Project("{8BC9CEB8-8B4A-11D0-8D11-00A0C91BC942}") = "HW(bubble2)", "HW(bubble2)\HW(bubble2).vcxproj", "{C0A7ED8F-E25C-4CB6-930D-E75B3102357F}"
EndProject
Project("{8BC9CEB8-8B4A-11D0-8D11-00A0C91BC942}") = "HW(bubble)", "HW(bubble)\HW(bubble).vcxproj", "{830B60C9-A416-431A-8723-713C81C6D6EB}"
EndProject
Project("{8BC9CEB8-8B4A-11D0-8D11-00A0C91BC942}") = "LAB(1차원동적할당)", "LAB(1차원동적할당)\LAB(1차원동적할당).vcxproj", "{61C230E7-1E0C-49B5-A9C7-FC2DEC27F7D8}"
EndProject
Project("{8BC9CEB8-8B4A-11D0-8D11-00A0C91BC942}") = "LAB(최대값)반복", "LAB(최대값)반복\LAB(최대값)반복.vcxproj", "{7CF1CBAA-2AFF-40BB-8A56-96F2EE314B99}"
EndProject
Project("{8BC9CEB8-8B4A-11D0-8D11-00A0C91BC942}") = "LAB(최대값)순환", "LAB(최대값)순환\LAB(최대값)순환.vcxproj", "{4B6F545C-A5E5-4149-81FC-E765693DB3A2}"
EndProject
Project("{8BC9CEB8-8B4A-11D0-8D11-00A0C91BC942}") = "LAB(동적할당_조합출력)", "LAB(동적할당_조합출력)\LAB(동적할당_조합출력).vcxproj", "{507D71EF-709E-45A9-9A66-BA7EC665B6C8}"
EndProject
Project("{8BC9CEB8-8B4A-11D0-8D11-00A0C91BC942}") = "LAB공뽑기", "LAB공뽑기\LAB공뽑기.vcxproj", "{7602299F-302B-4C5D-8E7B-05BA0980EE71}"
EndProject
Project("{8BC9CEB8-8B4A-11D0-8D11-00A0C91BC942}") = "LAB인기상", "LAB인기상\LAB인기상.vcxproj", "{9CA16639-2787-4034-9E45-73EB551BD74D}"
EndProject
Project("{8BC9CEB8-8B4A-11D0-8D11-00A0C91BC942}") = "LAB연기상", "LAB연기상\LAB연기상.vcxproj", "{49E26846-2BF8-412C-87EE-DD125A93CCED}"
EndProject
Project("{8BC9CEB8-8B4A-11D0-8D11-00A0C91BC942}") = "HW4진수", "HW4진수\HW4진수.vcxproj", "{2FB7E6ED-28D6-4D1D-AA13-21B667A4F091}"
EndProject
Project("{8BC9CEB8-8B4A-11D0-8D11-00A0C91BC942}") = "HW수식나열", "HW수식나열\HW수식나열.vcxproj", "{D8F881DD-43C5-463C-B6B3-EB49F0B4228D}"
EndProject
Project("{8BC9CEB8-8B4A-11D0-8D11-00A0C91BC942}") = "HW세배돈", "HW세배돈\HW세배돈.vcxproj", "{2E093F81-2BAB-4BA4-967E-9C4977182973}"
EndProject
Project("{8BC9CEB8-8B4A-11D0-8D11-00A0C91BC942}") = "HW(K_bonacci)", "HW(K_bonacci)\HW(K_bonacci).vcxproj", "{881B2E29-2E1B-4725-9707-E7202072324C}"
EndProject
Project("{8BC9CEB8-8B4A-11D0-8D11-00A0C91BC942}") = "LAB(right_max_sum)", "LAB(right_max_sum)\LAB(right_max_sum).vcxproj", "{39194252-ABDE-4347-9E69-631E82A05B3A}"
EndProject
Project("{8BC9CEB8-8B4A-11D0-8D11-00A0C91BC942}") = "백준1149re", "백준1149re\백준1149re.vcxproj", "{ED6D71EB-F094-47FF-B211-141CDB8AD271}"
EndProject
Global
	GlobalSection(SolutionConfigurationPlatforms) = preSolution
		Debug|x64 = Debug|x64
		Debug|x86 = Debug|x86
		Release|x64 = Release|x64
		Release|x86 = Release|x86
	EndGlobalSection
	GlobalSection(ProjectConfigurationPlatforms) = postSolution
		{7AFA4DD2-B036-43F1-9882-1E0CE34CBB9D}.Debug|x64.ActiveCfg = Debug|x64
		{7AFA4DD2-B036-43F1-9882-1E0CE34CBB9D}.Debug|x64.Build.0 = Debug|x64
		{7AFA4DD2-B036-43F1-9882-1E0CE34CBB9D}.Debug|x86.ActiveCfg = Debug|Win32
		{7AFA4DD2-B036-43F1-9882-1E0CE34CBB9D}.Debug|x86.Build.0 = Debug|Win32
		{7AFA4DD2-B036-43F1-9882-1E0CE34CBB9D}.Release|x64.ActiveCfg = Release|x64
		{7AFA4DD2-B036-43F1-9882-1E0CE34CBB9D}.Release|x64.Build.0 = Release|x64
		{7AFA4DD2-B036-43F1-9882-1E0CE34CBB9D}.Release|x86.ActiveCfg = Release|Win32
		{7AFA4DD2-B036-43F1-9882-1E0CE34CBB9D}.Release|x86.Build.0 = Release|Win32
		{F17CBE53-F577-432F-A7DB-BED83CBAD292}.Debug|x64.ActiveCfg = Debug|x64
		{F17CBE53-F577-432F-A7DB-BED83CBAD292}.Debug|x64.Build.0 = Debug|x64
		{F17CBE53-F577-432F-A7DB-BED83CBAD292}.Debug|x86.ActiveCfg = Debug|Win32
		{F17CBE53-F577-432F-A7DB-BED83CBAD292}.Debug|x86.Build.0 = Debug|Win32
		{F17CBE53-F577-432F-A7DB-BED83CBAD292}.Release|x64.ActiveCfg = Release|x64
		{F17CBE53-F577-432F-A7DB-BED83CBAD292}.Release|x64.Build.0 = Release|x64
		{F17CBE53-F577-432F-A7DB-BED83CBAD292}.Release|x86.ActiveCfg = Release|Win32
		{F17CBE53-F577-432F-A7DB-BED83CBAD292}.Release|x86.Build.0 = Release|Win32
		{12ECC560-A477-434E-BA4D-52E369E797EE}.Debug|x64.ActiveCfg = Debug|x64
		{12ECC560-A477-434E-BA4D-52E369E797EE}.Debug|x64.Build.0 = Debug|x64
		{12ECC560-A477-434E-BA4D-52E369E797EE}.Debug|x86.ActiveCfg = Debug|Win32
		{12ECC560-A477-434E-BA4D-52E369E797EE}.Debug|x86.Build.0 = Debug|Win32
		{12ECC560-A477-434E-BA4D-52E369E797EE}.Release|x64.ActiveCfg = Release|x64
		{12ECC560-A477-434E-BA4D-52E369E797EE}.Release|x64.Build.0 = Release|x64
		{12ECC560-A477-434E-BA4D-52E369E797EE}.Release|x86.ActiveCfg = Release|Win32
		{12ECC560-A477-434E-BA4D-52E369E797EE}.Release|x86.Build.0 = Release|Win32
		{F71FA6EB-3913-453A-82BD-DFBDB897A481}.Debug|x64.ActiveCfg = Debug|x64
		{F71FA6EB-3913-453A-82BD-DFBDB897A481}.Debug|x64.Build.0 = Debug|x64
		{F71FA6EB-3913-453A-82BD-DFBDB897A481}.Debug|x86.ActiveCfg = Debug|Win32
		{F71FA6EB-3913-453A-82BD-DFBDB897A481}.Debug|x86.Build.0 = Debug|Win32
		{F71FA6EB-3913-453A-82BD-DFBDB897A481}.Release|x64.ActiveCfg = Release|x64
		{F71FA6EB-3913-453A-82BD-DFBDB897A481}.Release|x64.Build.0 = Release|x64
		{F71FA6EB-3913-453A-82BD-DFBDB897A481}.Release|x86.ActiveCfg = Release|Win32
		{F71FA6EB-3913-453A-82BD-DFBDB897A481}.Release|x86.Build.0 = Release|Win32
		{BC3DF77B-B048-4636-97A6-8B9B37406005}.Debug|x64.ActiveCfg = Debug|x64
		{BC3DF77B-B048-4636-97A6-8B9B37406005}.Debug|x64.Build.0 = Debug|x64
		{BC3DF77B-B048-4636-97A6-8B9B37406005}.Debug|x86.ActiveCfg = Debug|Win32
		{BC3DF77B-B048-4636-97A6-8B9B37406005}.Debug|x86.Build.0 = Debug|Win32
		{BC3DF77B-B048-4636-97A6-8B9B37406005}.Release|x64.ActiveCfg = Release|x64
		{BC3DF77B-B048-4636-97A6-8B9B37406005}.Release|x64.Build.0 = Release|x64
		{BC3DF77B-B048-4636-97A6-8B9B37406005}.Release|x86.ActiveCfg = Release|Win32
		{BC3DF77B-B048-4636-97A6-8B9B37406005}.Release|x86.Build.0 = Release|Win32
		{535B8487-5FC3-46EB-B7D4-9B5DA40FE650}.Debug|x64.ActiveCfg = Debug|x64
		{535B8487-5FC3-46EB-B7D4-9B5DA40FE650}.Debug|x64.Build.0 = Debug|x64
		{535B8487-5FC3-46EB-B7D4-9B5DA40FE650}.Debug|x86.ActiveCfg = Debug|Win32
		{535B8487-5FC3-46EB-B7D4-9B5DA40FE650}.Debug|x86.Build.0 = Debug|Win32
		{535B8487-5FC3-46EB-B7D4-9B5DA40FE650}.Release|x64.ActiveCfg = Release|x64
		{535B8487-5FC3-46EB-B7D4-9B5DA40FE650}.Release|x64.Build.0 = Release|x64
		{535B8487-5FC3-46EB-B7D4-9B5DA40FE650}.Release|x86.ActiveCfg = Release|Win32
		{535B8487-5FC3-46EB-B7D4-9B5DA40FE650}.Release|x86.Build.0 = Release|Win32
		{AABCE77A-42B7-4A67-845F-718F50DCFA72}.Debug|x64.ActiveCfg = Debug|x64
		{AABCE77A-42B7-4A67-845F-718F50DCFA72}.Debug|x64.Build.0 = Debug|x64
		{AABCE77A-42B7-4A67-845F-718F50DCFA72}.Debug|x86.ActiveCfg = Debug|Win32
		{AABCE77A-42B7-4A67-845F-718F50DCFA72}.Debug|x86.Build.0 = Debug|Win32
		{AABCE77A-42B7-4A67-845F-718F50DCFA72}.Release|x64.ActiveCfg = Release|x64
		{AABCE77A-42B7-4A67-845F-718F50DCFA72}.Release|x64.Build.0 = Release|x64
		{AABCE77A-42B7-4A67-845F-718F50DCFA72}.Release|x86.ActiveCfg = Release|Win32
		{AABCE77A-42B7-4A67-845F-718F50DCFA72}.Release|x86.Build.0 = Release|Win32
		{C0A7ED8F-E25C-4CB6-930D-E75B3102357F}.Debug|x64.ActiveCfg = Debug|x64
		{C0A7ED8F-E25C-4CB6-930D-E75B3102357F}.Debug|x64.Build.0 = Debug|x64
		{C0A7ED8F-E25C-4CB6-930D-E75B3102357F}.Debug|x86.ActiveCfg = Debug|Win32
		{C0A7ED8F-E25C-4CB6-930D-E75B3102357F}.Debug|x86.Build.0 = Debug|Win32
		{C0A7ED8F-E25C-4CB6-930D-E75B3102357F}.Release|x64.ActiveCfg = Release|x64
		{C0A7ED8F-E25C-4CB6-930D-E75B3102357F}.Release|x64.Build.0 = Release|x64
		{C0A7ED8F-E25C-4CB6-930D-E75B3102357F}.Release|x86.ActiveCfg = Release|Win32
		{C0A7ED8F-E25C-4CB6-930D-E75B3102357F}.Release|x86.Build.0 = Release|Win32
		{830B60C9-A416-431A-8723-713C81C6D6EB}.Debug|x64.ActiveCfg = Debug|x64
		{830B60C9-A416-431A-8723-713C81C6D6EB}.Debug|x64.Build.0 = Debug|x64
		{830B60C9-A416-431A-8723-713C81C6D6EB}.Debug|x86.ActiveCfg = Debug|Win32
		{830B60C9-A416-431A-8723-713C81C6D6EB}.Debug|x86.Build.0 = Debug|Win32
		{830B60C9-A416-431A-8723-713C81C6D6EB}.Release|x64.ActiveCfg = Release|x64
		{830B60C9-A416-431A-8723-713C81C6D6EB}.Release|x64.Build.0 = Release|x64
		{830B60C9-A416-431A-8723-713C81C6D6EB}.Release|x86.ActiveCfg = Release|Win32
		{830B60C9-A416-431A-8723-713C81C6D6EB}.Release|x86.Build.0 = Release|Win32
		{61C230E7-1E0C-49B5-A9C7-FC2DEC27F7D8}.Debug|x64.ActiveCfg = Debug|x64
		{61C230E7-1E0C-49B5-A9C7-FC2DEC27F7D8}.Debug|x64.Build.0 = Debug|x64
		{61C230E7-1E0C-49B5-A9C7-FC2DEC27F7D8}.Debug|x86.ActiveCfg = Debug|Win32
		{61C230E7-1E0C-49B5-A9C7-FC2DEC27F7D8}.Debug|x86.Build.0 = Debug|Win32
		{61C230E7-1E0C-49B5-A9C7-FC2DEC27F7D8}.Release|x64.ActiveCfg = Release|x64
		{61C230E7-1E0C-49B5-A9C7-FC2DEC27F7D8}.Release|x64.Build.0 = Release|x64
		{61C230E7-1E0C-49B5-A9C7-FC2DEC27F7D8}.Release|x86.ActiveCfg = Release|Win32
		{61C230E7-1E0C-49B5-A9C7-FC2DEC27F7D8}.Release|x86.Build.0 = Release|Win32
		{7CF1CBAA-2AFF-40BB-8A56-96F2EE314B99}.Debug|x64.ActiveCfg = Debug|x64
		{7CF1CBAA-2AFF-40BB-8A56-96F2EE314B99}.Debug|x64.Build.0 = Debug|x64
		{7CF1CBAA-2AFF-40BB-8A56-96F2EE314B99}.Debug|x86.ActiveCfg = Debug|Win32
		{7CF1CBAA-2AFF-40BB-8A56-96F2EE314B99}.Debug|x86.Build.0 = Debug|Win32
		{7CF1CBAA-2AFF-40BB-8A56-96F2EE314B99}.Release|x64.ActiveCfg = Release|x64
		{7CF1CBAA-2AFF-40BB-8A56-96F2EE314B99}.Release|x64.Build.0 = Release|x64
		{7CF1CBAA-2AFF-40BB-8A56-96F2EE314B99}.Release|x86.ActiveCfg = Release|Win32
		{7CF1CBAA-2AFF-40BB-8A56-96F2EE314B99}.Release|x86.Build.0 = Release|Win32
		{4B6F545C-A5E5-4149-81FC-E765693DB3A2}.Debug|x64.ActiveCfg = Debug|x64
		{4B6F545C-A5E5-4149-81FC-E765693DB3A2}.Debug|x64.Build.0 = Debug|x64
		{4B6F545C-A5E5-4149-81FC-E765693DB3A2}.Debug|x86.ActiveCfg = Debug|Win32
		{4B6F545C-A5E5-4149-81FC-E765693DB3A2}.Debug|x86.Build.0 = Debug|Win32
		{4B6F545C-A5E5-4149-81FC-E765693DB3A2}.Release|x64.ActiveCfg = Release|x64
		{4B6F545C-A5E5-4149-81FC-E765693DB3A2}.Release|x64.Build.0 = Release|x64
		{4B6F545C-A5E5-4149-81FC-E765693DB3A2}.Release|x86.ActiveCfg = Release|Win32
		{4B6F545C-A5E5-4149-81FC-E765693DB3A2}.Release|x86.Build.0 = Release|Win32
		{507D71EF-709E-45A9-9A66-BA7EC665B6C8}.Debug|x64.ActiveCfg = Debug|x64
		{507D71EF-709E-45A9-9A66-BA7EC665B6C8}.Debug|x64.Build.0 = Debug|x64
		{507D71EF-709E-45A9-9A66-BA7EC665B6C8}.Debug|x86.ActiveCfg = Debug|Win32
		{507D71EF-709E-45A9-9A66-BA7EC665B6C8}.Debug|x86.Build.0 = Debug|Win32
		{507D71EF-709E-45A9-9A66-BA7EC665B6C8}.Release|x64.ActiveCfg = Release|x64
		{507D71EF-709E-45A9-9A66-BA7EC665B6C8}.Release|x64.Build.0 = Release|x64
		{507D71EF-709E-45A9-9A66-BA7EC665B6C8}.Release|x86.ActiveCfg = Release|Win32
		{507D71EF-709E-45A9-9A66-BA7EC665B6C8}.Release|x86.Build.0 = Release|Win32
		{7602299F-302B-4C5D-8E7B-05BA0980EE71}.Debug|x64.ActiveCfg = Debug|x64
		{7602299F-302B-4C5D-8E7B-05BA0980EE71}.Debug|x64.Build.0 = Debug|x64
		{7602299F-302B-4C5D-8E7B-05BA0980EE71}.Debug|x86.ActiveCfg = Debug|Win32
		{7602299F-302B-4C5D-8E7B-05BA0980EE71}.Debug|x86.Build.0 = Debug|Win32
		{7602299F-302B-4C5D-8E7B-05BA0980EE71}.Release|x64.ActiveCfg = Release|x64
		{7602299F-302B-4C5D-8E7B-05BA0980EE71}.Release|x64.Build.0 = Release|x64
		{7602299F-302B-4C5D-8E7B-05BA0980EE71}.Release|x86.ActiveCfg = Release|Win32
		{7602299F-302B-4C5D-8E7B-05BA0980EE71}.Release|x86.Build.0 = Release|Win32
		{9CA16639-2787-4034-9E45-73EB551BD74D}.Debug|x64.ActiveCfg = Debug|x64
		{9CA16639-2787-4034-9E45-73EB551BD74D}.Debug|x64.Build.0 = Debug|x64
		{9CA16639-2787-4034-9E45-73EB551BD74D}.Debug|x86.ActiveCfg = Debug|Win32
		{9CA16639-2787-4034-9E45-73EB551BD74D}.Debug|x86.Build.0 = Debug|Win32
		{9CA16639-2787-4034-9E45-73EB551BD74D}.Release|x64.ActiveCfg = Release|x64
		{9CA16639-2787-4034-9E45-73EB551BD74D}.Release|x64.Build.0 = Release|x64
		{9CA16639-2787-4034-9E45-73EB551BD74D}.Release|x86.ActiveCfg = Release|Win32
		{9CA16639-2787-4034-9E45-73EB551BD74D}.Release|x86.Build.0 = Release|Win32
		{49E26846-2BF8-412C-87EE-DD125A93CCED}.Debug|x64.ActiveCfg = Debug|x64
		{49E26846-2BF8-412C-87EE-DD125A93CCED}.Debug|x64.Build.0 = Debug|x64
		{49E26846-2BF8-412C-87EE-DD125A93CCED}.Debug|x86.ActiveCfg = Debug|Win32
		{49E26846-2BF8-412C-87EE-DD125A93CCED}.Debug|x86.Build.0 = Debug|Win32
		{49E26846-2BF8-412C-87EE-DD125A93CCED}.Release|x64.ActiveCfg = Release|x64
		{49E26846-2BF8-412C-87EE-DD125A93CCED}.Release|x64.Build.0 = Release|x64
		{49E26846-2BF8-412C-87EE-DD125A93CCED}.Release|x86.ActiveCfg = Release|Win32
		{49E26846-2BF8-412C-87EE-DD125A93CCED}.Release|x86.Build.0 = Release|Win32
		{2FB7E6ED-28D6-4D1D-AA13-21B667A4F091}.Debug|x64.ActiveCfg = Debug|x64
		{2FB7E6ED-28D6-4D1D-AA13-21B667A4F091}.Debug|x64.Build.0 = Debug|x64
		{2FB7E6ED-28D6-4D1D-AA13-21B667A4F091}.Debug|x86.ActiveCfg = Debug|Win32
		{2FB7E6ED-28D6-4D1D-AA13-21B667A4F091}.Debug|x86.Build.0 = Debug|Win32
		{2FB7E6ED-28D6-4D1D-AA13-21B667A4F091}.Release|x64.ActiveCfg = Release|x64
		{2FB7E6ED-28D6-4D1D-AA13-21B667A4F091}.Release|x64.Build.0 = Release|x64
		{2FB7E6ED-28D6-4D1D-AA13-21B667A4F091}.Release|x86.ActiveCfg = Release|Win32
		{2FB7E6ED-28D6-4D1D-AA13-21B667A4F091}.Release|x86.Build.0 = Release|Win32
		{D8F881DD-43C5-463C-B6B3-EB49F0B4228D}.Debug|x64.ActiveCfg = Debug|x64
		{D8F881DD-43C5-463C-B6B3-EB49F0B4228D}.Debug|x64.Build.0 = Debug|x64
		{D8F881DD-43C5-463C-B6B3-EB49F0B4228D}.Debug|x86.ActiveCfg = Debug|Win32
		{D8F881DD-43C5-463C-B6B3-EB49F0B4228D}.Debug|x86.Build.0 = Debug|Win32
		{D8F881DD-43C5-463C-B6B3-EB49F0B4228D}.Release|x64.ActiveCfg = Release|x64
		{D8F881DD-43C5-463C-B6B3-EB49F0B4228D}.Release|x64.Build.0 = Release|x64
		{D8F881DD-43C5-463C-B6B3-EB49F0B4228D}.Release|x86.ActiveCfg = Release|Win32
		{D8F881DD-43C5-463C-B6B3-EB49F0B4228D}.Release|x86.Build.0 = Release|Win32
		{2E093F81-2BAB-4BA4-967E-9C4977182973}.Debug|x64.ActiveCfg = Debug|x64
		{2E093F81-2BAB-4BA4-967E-9C4977182973}.Debug|x64.Build.0 = Debug|x64
		{2E093F81-2BAB-4BA4-967E-9C4977182973}.Debug|x86.ActiveCfg = Debug|Win32
		{2E093F81-2BAB-4BA4-967E-9C4977182973}.Debug|x86.Build.0 = Debug|Win32
		{2E093F81-2BAB-4BA4-967E-9C4977182973}.Release|x64.ActiveCfg = Release|x64
		{2E093F81-2BAB-4BA4-967E-9C4977182973}.Release|x64.Build.0 = Release|x64
		{2E093F81-2BAB-4BA4-967E-9C4977182973}.Release|x86.ActiveCfg = Release|Win32
		{2E093F81-2BAB-4BA4-967E-9C4977182973}.Release|x86.Build.0 = Release|Win32
		{881B2E29-2E1B-4725-9707-E7202072324C}.Debug|x64.ActiveCfg = Debug|x64
		{881B2E29-2E1B-4725-9707-E7202072324C}.Debug|x64.Build.0 = Debug|x64
		{881B2E29-2E1B-4725-9707-E7202072324C}.Debug|x86.ActiveCfg = Debug|Win32
		{881B2E29-2E1B-4725-9707-E7202072324C}.Debug|x86.Build.0 = Debug|Win32
		{881B2E29-2E1B-4725-9707-E7202072324C}.Release|x64.ActiveCfg = Release|x64
		{881B2E29-2E1B-4725-9707-E7202072324C}.Release|x64.Build.0 = Release|x64
		{881B2E29-2E1B-4725-9707-E7202072324C}.Release|x86.ActiveCfg = Release|Win32
		{881B2E29-2E1B-4725-9707-E7202072324C}.Release|x86.Build.0 = Release|Win32
		{39194252-ABDE-4347-9E69-631E82A05B3A}.Debug|x64.ActiveCfg = Debug|x64
		{39194252-ABDE-4347-9E69-631E82A05B3A}.Debug|x64.Build.0 = Debug|x64
		{39194252-ABDE-4347-9E69-631E82A05B3A}.Debug|x86.ActiveCfg = Debug|Win32
		{39194252-ABDE-4347-9E69-631E82A05B3A}.Debug|x86.Build.0 = Debug|Win32
		{39194252-ABDE-4347-9E69-631E82A05B3A}.Release|x64.ActiveCfg = Release|x64
		{39194252-ABDE-4347-9E69-631E82A05B3A}.Release|x64.Build.0 = Release|x64
		{39194252-ABDE-4347-9E69-631E82A05B3A}.Release|x86.ActiveCfg = Release|Win32
		{39194252-ABDE-4347-9E69-631E82A05B3A}.Release|x86.Build.0 = Release|Win32
		{ED6D71EB-F094-47FF-B211-141CDB8AD271}.Debug|x64.ActiveCfg = Debug|x64
		{ED6D71EB-F094-47FF-B211-141CDB8AD271}.Debug|x64.Build.0 = Debug|x64
		{ED6D71EB-F094-47FF-B211-141CDB8AD271}.Debug|x86.ActiveCfg = Debug|Win32
		{ED6D71EB-F094-47FF-B211-141CDB8AD271}.Debug|x86.Build.0 = Debug|Win32
		{ED6D71EB-F094-47FF-B211-141CDB8AD271}.Release|x64.ActiveCfg = Release|x64
		{ED6D71EB-F094-47FF-B211-141CDB8AD271}.Release|x64.Build.0 = Release|x64
		{ED6D71EB-F094-47FF-B211-141CDB8AD271}.Release|x86.ActiveCfg = Release|Win32
		{ED6D71EB-F094-47FF-B211-141CDB8AD271}.Release|x86.Build.0 = Release|Win32
	EndGlobalSection
	GlobalSection(SolutionProperties) = preSolution
		HideSolutionNode = FALSE
	EndGlobalSection
	GlobalSection(ExtensibilityGlobals) = postSolution
		SolutionGuid = {15546BB0-99EB-44B9-9660-144966364542}
	EndGlobalSection
EndGlobal
