
Microsoft Visual Studio Solution File, Format Version 12.00
# Visual Studio Version 16
VisualStudioVersion = 16.0.32428.217
MinimumVisualStudioVersion = 10.0.40219.1
Project("{8BC9CEB8-8B4A-11D0-8D11-00A0C91BC942}") = "LAB(insertionSort)", "LAB(insertionSort)\LAB(insertionSort).vcxproj", "{62FAAF74-4C62-497B-B18D-18D48D84EA76}"
EndProject
Project("{8BC9CEB8-8B4A-11D0-8D11-00A0C91BC942}") = "ofChanges", "ofChanges\ofChanges.vcxproj", "{93DD7F91-6106-4C7E-ABC2-D6763FE6903F}"
EndProject
Project("{8BC9CEB8-8B4A-11D0-8D11-00A0C91BC942}") = "21중간1_1", "21중간1_1\21중간1_1.vcxproj", "{DBE62E9B-262B-4107-BCB2-5F751955B367}"
EndProject
Project("{8BC9CEB8-8B4A-11D0-8D11-00A0C91BC942}") = "21중간1_2", "21중간1_2\21중간1_2.vcxproj", "{1C1A8B1E-9641-47CD-AA22-74D24CC5699E}"
EndProject
Project("{8BC9CEB8-8B4A-11D0-8D11-00A0C91BC942}") = "21중간2", "21중간2\21중간2.vcxproj", "{9B10972A-BC9C-478C-90B8-166216EC8AED}"
EndProject
Project("{8BC9CEB8-8B4A-11D0-8D11-00A0C91BC942}") = "19중간1_1", "19중간1_1\19중간1_1.vcxproj", "{03426296-2C54-467B-BAA6-0CB8A692E3E7}"
EndProject
Project("{8BC9CEB8-8B4A-11D0-8D11-00A0C91BC942}") = "19중간1_2", "19중간1_2\19중간1_2.vcxproj", "{6AC2F293-E369-4D7F-A1D4-A75F9E63F6CF}"
EndProject
Project("{8BC9CEB8-8B4A-11D0-8D11-00A0C91BC942}") = "19중간2", "19중간2\19중간2.vcxproj", "{D01C893D-A874-49EE-98A5-865AD187C761}"
EndProject
Project("{8BC9CEB8-8B4A-11D0-8D11-00A0C91BC942}") = "21중간3", "21중간3\21중간3.vcxproj", "{86F21E10-24FF-4369-9257-9589C1B57180}"
EndProject
Project("{8BC9CEB8-8B4A-11D0-8D11-00A0C91BC942}") = "백준1932", "백준1932\백준1932.vcxproj", "{23AC5420-2649-4464-8839-131033D1A9B8}"
EndProject
Project("{8BC9CEB8-8B4A-11D0-8D11-00A0C91BC942}") = "백준2579", "백준2579\백준2579.vcxproj", "{08BA4065-F50E-4F5C-9B47-A95313185E48}"
EndProject
Project("{8BC9CEB8-8B4A-11D0-8D11-00A0C91BC942}") = "LAB(quickSort)", "LAB(quickSort)\LAB(quickSort).vcxproj", "{1AE66802-60F0-47FA-86E1-4C220E6BC7BE}"
EndProject
Project("{8BC9CEB8-8B4A-11D0-8D11-00A0C91BC942}") = "HW(quickSort)", "HW(quickSort)\HW(quickSort).vcxproj", "{E6461244-EE3E-4F7B-9274-1DDEDADCDF0B}"
EndProject
Project("{8BC9CEB8-8B4A-11D0-8D11-00A0C91BC942}") = "HW(몇번째작은수)", "HW(몇번째작은수)\HW(몇번째작은수).vcxproj", "{2ADA0DE1-C17D-4C87-8FB2-D38D16F76F3F}"
EndProject
Project("{8BC9CEB8-8B4A-11D0-8D11-00A0C91BC942}") = "HW(quickSort2)", "HW(quickSort2)\HW(quickSort2).vcxproj", "{E43E6699-53E9-4061-9609-A34ECF6DADAE}"
EndProject
Project("{8BC9CEB8-8B4A-11D0-8D11-00A0C91BC942}") = "백준1463", "백준1463\백준1463.vcxproj", "{B6B46ECB-1DFA-447C-99F3-523013F1A236}"
EndProject
Global
	GlobalSection(SolutionConfigurationPlatforms) = preSolution
		Debug|x64 = Debug|x64
		Debug|x86 = Debug|x86
		Release|x64 = Release|x64
		Release|x86 = Release|x86
	EndGlobalSection
	GlobalSection(ProjectConfigurationPlatforms) = postSolution
		{62FAAF74-4C62-497B-B18D-18D48D84EA76}.Debug|x64.ActiveCfg = Debug|x64
		{62FAAF74-4C62-497B-B18D-18D48D84EA76}.Debug|x64.Build.0 = Debug|x64
		{62FAAF74-4C62-497B-B18D-18D48D84EA76}.Debug|x86.ActiveCfg = Debug|Win32
		{62FAAF74-4C62-497B-B18D-18D48D84EA76}.Debug|x86.Build.0 = Debug|Win32
		{62FAAF74-4C62-497B-B18D-18D48D84EA76}.Release|x64.ActiveCfg = Release|x64
		{62FAAF74-4C62-497B-B18D-18D48D84EA76}.Release|x64.Build.0 = Release|x64
		{62FAAF74-4C62-497B-B18D-18D48D84EA76}.Release|x86.ActiveCfg = Release|Win32
		{62FAAF74-4C62-497B-B18D-18D48D84EA76}.Release|x86.Build.0 = Release|Win32
		{93DD7F91-6106-4C7E-ABC2-D6763FE6903F}.Debug|x64.ActiveCfg = Debug|x64
		{93DD7F91-6106-4C7E-ABC2-D6763FE6903F}.Debug|x64.Build.0 = Debug|x64
		{93DD7F91-6106-4C7E-ABC2-D6763FE6903F}.Debug|x86.ActiveCfg = Debug|Win32
		{93DD7F91-6106-4C7E-ABC2-D6763FE6903F}.Debug|x86.Build.0 = Debug|Win32
		{93DD7F91-6106-4C7E-ABC2-D6763FE6903F}.Release|x64.ActiveCfg = Release|x64
		{93DD7F91-6106-4C7E-ABC2-D6763FE6903F}.Release|x64.Build.0 = Release|x64
		{93DD7F91-6106-4C7E-ABC2-D6763FE6903F}.Release|x86.ActiveCfg = Release|Win32
		{93DD7F91-6106-4C7E-ABC2-D6763FE6903F}.Release|x86.Build.0 = Release|Win32
		{DBE62E9B-262B-4107-BCB2-5F751955B367}.Debug|x64.ActiveCfg = Debug|x64
		{DBE62E9B-262B-4107-BCB2-5F751955B367}.Debug|x64.Build.0 = Debug|x64
		{DBE62E9B-262B-4107-BCB2-5F751955B367}.Debug|x86.ActiveCfg = Debug|Win32
		{DBE62E9B-262B-4107-BCB2-5F751955B367}.Debug|x86.Build.0 = Debug|Win32
		{DBE62E9B-262B-4107-BCB2-5F751955B367}.Release|x64.ActiveCfg = Release|x64
		{DBE62E9B-262B-4107-BCB2-5F751955B367}.Release|x64.Build.0 = Release|x64
		{DBE62E9B-262B-4107-BCB2-5F751955B367}.Release|x86.ActiveCfg = Release|Win32
		{DBE62E9B-262B-4107-BCB2-5F751955B367}.Release|x86.Build.0 = Release|Win32
		{1C1A8B1E-9641-47CD-AA22-74D24CC5699E}.Debug|x64.ActiveCfg = Debug|x64
		{1C1A8B1E-9641-47CD-AA22-74D24CC5699E}.Debug|x64.Build.0 = Debug|x64
		{1C1A8B1E-9641-47CD-AA22-74D24CC5699E}.Debug|x86.ActiveCfg = Debug|Win32
		{1C1A8B1E-9641-47CD-AA22-74D24CC5699E}.Debug|x86.Build.0 = Debug|Win32
		{1C1A8B1E-9641-47CD-AA22-74D24CC5699E}.Release|x64.ActiveCfg = Release|x64
		{1C1A8B1E-9641-47CD-AA22-74D24CC5699E}.Release|x64.Build.0 = Release|x64
		{1C1A8B1E-9641-47CD-AA22-74D24CC5699E}.Release|x86.ActiveCfg = Release|Win32
		{1C1A8B1E-9641-47CD-AA22-74D24CC5699E}.Release|x86.Build.0 = Release|Win32
		{9B10972A-BC9C-478C-90B8-166216EC8AED}.Debug|x64.ActiveCfg = Debug|x64
		{9B10972A-BC9C-478C-90B8-166216EC8AED}.Debug|x64.Build.0 = Debug|x64
		{9B10972A-BC9C-478C-90B8-166216EC8AED}.Debug|x86.ActiveCfg = Debug|Win32
		{9B10972A-BC9C-478C-90B8-166216EC8AED}.Debug|x86.Build.0 = Debug|Win32
		{9B10972A-BC9C-478C-90B8-166216EC8AED}.Release|x64.ActiveCfg = Release|x64
		{9B10972A-BC9C-478C-90B8-166216EC8AED}.Release|x64.Build.0 = Release|x64
		{9B10972A-BC9C-478C-90B8-166216EC8AED}.Release|x86.ActiveCfg = Release|Win32
		{9B10972A-BC9C-478C-90B8-166216EC8AED}.Release|x86.Build.0 = Release|Win32
		{03426296-2C54-467B-BAA6-0CB8A692E3E7}.Debug|x64.ActiveCfg = Debug|x64
		{03426296-2C54-467B-BAA6-0CB8A692E3E7}.Debug|x64.Build.0 = Debug|x64
		{03426296-2C54-467B-BAA6-0CB8A692E3E7}.Debug|x86.ActiveCfg = Debug|Win32
		{03426296-2C54-467B-BAA6-0CB8A692E3E7}.Debug|x86.Build.0 = Debug|Win32
		{03426296-2C54-467B-BAA6-0CB8A692E3E7}.Release|x64.ActiveCfg = Release|x64
		{03426296-2C54-467B-BAA6-0CB8A692E3E7}.Release|x64.Build.0 = Release|x64
		{03426296-2C54-467B-BAA6-0CB8A692E3E7}.Release|x86.ActiveCfg = Release|Win32
		{03426296-2C54-467B-BAA6-0CB8A692E3E7}.Release|x86.Build.0 = Release|Win32
		{6AC2F293-E369-4D7F-A1D4-A75F9E63F6CF}.Debug|x64.ActiveCfg = Debug|x64
		{6AC2F293-E369-4D7F-A1D4-A75F9E63F6CF}.Debug|x64.Build.0 = Debug|x64
		{6AC2F293-E369-4D7F-A1D4-A75F9E63F6CF}.Debug|x86.ActiveCfg = Debug|Win32
		{6AC2F293-E369-4D7F-A1D4-A75F9E63F6CF}.Debug|x86.Build.0 = Debug|Win32
		{6AC2F293-E369-4D7F-A1D4-A75F9E63F6CF}.Release|x64.ActiveCfg = Release|x64
		{6AC2F293-E369-4D7F-A1D4-A75F9E63F6CF}.Release|x64.Build.0 = Release|x64
		{6AC2F293-E369-4D7F-A1D4-A75F9E63F6CF}.Release|x86.ActiveCfg = Release|Win32
		{6AC2F293-E369-4D7F-A1D4-A75F9E63F6CF}.Release|x86.Build.0 = Release|Win32
		{D01C893D-A874-49EE-98A5-865AD187C761}.Debug|x64.ActiveCfg = Debug|x64
		{D01C893D-A874-49EE-98A5-865AD187C761}.Debug|x64.Build.0 = Debug|x64
		{D01C893D-A874-49EE-98A5-865AD187C761}.Debug|x86.ActiveCfg = Debug|Win32
		{D01C893D-A874-49EE-98A5-865AD187C761}.Debug|x86.Build.0 = Debug|Win32
		{D01C893D-A874-49EE-98A5-865AD187C761}.Release|x64.ActiveCfg = Release|x64
		{D01C893D-A874-49EE-98A5-865AD187C761}.Release|x64.Build.0 = Release|x64
		{D01C893D-A874-49EE-98A5-865AD187C761}.Release|x86.ActiveCfg = Release|Win32
		{D01C893D-A874-49EE-98A5-865AD187C761}.Release|x86.Build.0 = Release|Win32
		{86F21E10-24FF-4369-9257-9589C1B57180}.Debug|x64.ActiveCfg = Debug|x64
		{86F21E10-24FF-4369-9257-9589C1B57180}.Debug|x64.Build.0 = Debug|x64
		{86F21E10-24FF-4369-9257-9589C1B57180}.Debug|x86.ActiveCfg = Debug|Win32
		{86F21E10-24FF-4369-9257-9589C1B57180}.Debug|x86.Build.0 = Debug|Win32
		{86F21E10-24FF-4369-9257-9589C1B57180}.Release|x64.ActiveCfg = Release|x64
		{86F21E10-24FF-4369-9257-9589C1B57180}.Release|x64.Build.0 = Release|x64
		{86F21E10-24FF-4369-9257-9589C1B57180}.Release|x86.ActiveCfg = Release|Win32
		{86F21E10-24FF-4369-9257-9589C1B57180}.Release|x86.Build.0 = Release|Win32
		{23AC5420-2649-4464-8839-131033D1A9B8}.Debug|x64.ActiveCfg = Debug|x64
		{23AC5420-2649-4464-8839-131033D1A9B8}.Debug|x64.Build.0 = Debug|x64
		{23AC5420-2649-4464-8839-131033D1A9B8}.Debug|x86.ActiveCfg = Debug|Win32
		{23AC5420-2649-4464-8839-131033D1A9B8}.Debug|x86.Build.0 = Debug|Win32
		{23AC5420-2649-4464-8839-131033D1A9B8}.Release|x64.ActiveCfg = Release|x64
		{23AC5420-2649-4464-8839-131033D1A9B8}.Release|x64.Build.0 = Release|x64
		{23AC5420-2649-4464-8839-131033D1A9B8}.Release|x86.ActiveCfg = Release|Win32
		{23AC5420-2649-4464-8839-131033D1A9B8}.Release|x86.Build.0 = Release|Win32
		{08BA4065-F50E-4F5C-9B47-A95313185E48}.Debug|x64.ActiveCfg = Debug|x64
		{08BA4065-F50E-4F5C-9B47-A95313185E48}.Debug|x64.Build.0 = Debug|x64
		{08BA4065-F50E-4F5C-9B47-A95313185E48}.Debug|x86.ActiveCfg = Debug|Win32
		{08BA4065-F50E-4F5C-9B47-A95313185E48}.Debug|x86.Build.0 = Debug|Win32
		{08BA4065-F50E-4F5C-9B47-A95313185E48}.Release|x64.ActiveCfg = Release|x64
		{08BA4065-F50E-4F5C-9B47-A95313185E48}.Release|x64.Build.0 = Release|x64
		{08BA4065-F50E-4F5C-9B47-A95313185E48}.Release|x86.ActiveCfg = Release|Win32
		{08BA4065-F50E-4F5C-9B47-A95313185E48}.Release|x86.Build.0 = Release|Win32
		{1AE66802-60F0-47FA-86E1-4C220E6BC7BE}.Debug|x64.ActiveCfg = Debug|x64
		{1AE66802-60F0-47FA-86E1-4C220E6BC7BE}.Debug|x64.Build.0 = Debug|x64
		{1AE66802-60F0-47FA-86E1-4C220E6BC7BE}.Debug|x86.ActiveCfg = Debug|Win32
		{1AE66802-60F0-47FA-86E1-4C220E6BC7BE}.Debug|x86.Build.0 = Debug|Win32
		{1AE66802-60F0-47FA-86E1-4C220E6BC7BE}.Release|x64.ActiveCfg = Release|x64
		{1AE66802-60F0-47FA-86E1-4C220E6BC7BE}.Release|x64.Build.0 = Release|x64
		{1AE66802-60F0-47FA-86E1-4C220E6BC7BE}.Release|x86.ActiveCfg = Release|Win32
		{1AE66802-60F0-47FA-86E1-4C220E6BC7BE}.Release|x86.Build.0 = Release|Win32
		{E6461244-EE3E-4F7B-9274-1DDEDADCDF0B}.Debug|x64.ActiveCfg = Debug|x64
		{E6461244-EE3E-4F7B-9274-1DDEDADCDF0B}.Debug|x64.Build.0 = Debug|x64
		{E6461244-EE3E-4F7B-9274-1DDEDADCDF0B}.Debug|x86.ActiveCfg = Debug|Win32
		{E6461244-EE3E-4F7B-9274-1DDEDADCDF0B}.Debug|x86.Build.0 = Debug|Win32
		{E6461244-EE3E-4F7B-9274-1DDEDADCDF0B}.Release|x64.ActiveCfg = Release|x64
		{E6461244-EE3E-4F7B-9274-1DDEDADCDF0B}.Release|x64.Build.0 = Release|x64
		{E6461244-EE3E-4F7B-9274-1DDEDADCDF0B}.Release|x86.ActiveCfg = Release|Win32
		{E6461244-EE3E-4F7B-9274-1DDEDADCDF0B}.Release|x86.Build.0 = Release|Win32
		{2ADA0DE1-C17D-4C87-8FB2-D38D16F76F3F}.Debug|x64.ActiveCfg = Debug|x64
		{2ADA0DE1-C17D-4C87-8FB2-D38D16F76F3F}.Debug|x64.Build.0 = Debug|x64
		{2ADA0DE1-C17D-4C87-8FB2-D38D16F76F3F}.Debug|x86.ActiveCfg = Debug|Win32
		{2ADA0DE1-C17D-4C87-8FB2-D38D16F76F3F}.Debug|x86.Build.0 = Debug|Win32
		{2ADA0DE1-C17D-4C87-8FB2-D38D16F76F3F}.Release|x64.ActiveCfg = Release|x64
		{2ADA0DE1-C17D-4C87-8FB2-D38D16F76F3F}.Release|x64.Build.0 = Release|x64
		{2ADA0DE1-C17D-4C87-8FB2-D38D16F76F3F}.Release|x86.ActiveCfg = Release|Win32
		{2ADA0DE1-C17D-4C87-8FB2-D38D16F76F3F}.Release|x86.Build.0 = Release|Win32
		{E43E6699-53E9-4061-9609-A34ECF6DADAE}.Debug|x64.ActiveCfg = Debug|x64
		{E43E6699-53E9-4061-9609-A34ECF6DADAE}.Debug|x64.Build.0 = Debug|x64
		{E43E6699-53E9-4061-9609-A34ECF6DADAE}.Debug|x86.ActiveCfg = Debug|Win32
		{E43E6699-53E9-4061-9609-A34ECF6DADAE}.Debug|x86.Build.0 = Debug|Win32
		{E43E6699-53E9-4061-9609-A34ECF6DADAE}.Release|x64.ActiveCfg = Release|x64
		{E43E6699-53E9-4061-9609-A34ECF6DADAE}.Release|x64.Build.0 = Release|x64
		{E43E6699-53E9-4061-9609-A34ECF6DADAE}.Release|x86.ActiveCfg = Release|Win32
		{E43E6699-53E9-4061-9609-A34ECF6DADAE}.Release|x86.Build.0 = Release|Win32
		{B6B46ECB-1DFA-447C-99F3-523013F1A236}.Debug|x64.ActiveCfg = Debug|x64
		{B6B46ECB-1DFA-447C-99F3-523013F1A236}.Debug|x64.Build.0 = Debug|x64
		{B6B46ECB-1DFA-447C-99F3-523013F1A236}.Debug|x86.ActiveCfg = Debug|Win32
		{B6B46ECB-1DFA-447C-99F3-523013F1A236}.Debug|x86.Build.0 = Debug|Win32
		{B6B46ECB-1DFA-447C-99F3-523013F1A236}.Release|x64.ActiveCfg = Release|x64
		{B6B46ECB-1DFA-447C-99F3-523013F1A236}.Release|x64.Build.0 = Release|x64
		{B6B46ECB-1DFA-447C-99F3-523013F1A236}.Release|x86.ActiveCfg = Release|Win32
		{B6B46ECB-1DFA-447C-99F3-523013F1A236}.Release|x86.Build.0 = Release|Win32
	EndGlobalSection
	GlobalSection(SolutionProperties) = preSolution
		HideSolutionNode = FALSE
	EndGlobalSection
	GlobalSection(ExtensibilityGlobals) = postSolution
		SolutionGuid = {A42AC00D-8369-490B-898C-0B96425C487B}
	EndGlobalSection
EndGlobal
